{
  "name": "p2pspider-mariadb",
  "version": "1.1.1",
  "lockfileVersion": 1,
  "requires": true,
  "dependencies": {
    "bencode": {
      "version": "0.7.0",
      "resolved": "https://registry.npmjs.org/bencode/-/bencode-0.7.0.tgz",
      "integrity": "sha1-gR7WR8ARiUXkG7S7veqaLHihcIM="
    },
    "bitfield": {
      "version": "1.1.2",
      "resolved": "https://registry.npmjs.org/bitfield/-/bitfield-1.1.2.tgz",
      "integrity": "sha1-pUd/AOM/Knbtwgmq8mvwk5SjeM8="
    },
    "iconv-lite": {
      "version": "0.4.23",
      "resolved": "https://registry.npmjs.org/iconv-lite/-/iconv-lite-0.4.23.tgz",
      "integrity": "sha1-KXhx9jvlB63Pv8pxXQzQ7thOmmM=",
      "requires": {
        "safer-buffer": "2.1.2"
      }
    },
    "inherits": {
      "version": "2.0.3",
      "resolved": "https://registry.npmjs.org/inherits/-/inherits-2.0.3.tgz",
      "integrity": "sha1-Yzwsg+PaQqUC9SRmAiSA9CCCYd4="
    },
    "is-utf8": {
      "version": "0.2.1",
      "resolved": "https://registry.npmjs.org/is-utf8/-/is-utf8-0.2.1.tgz",
      "integrity": "sha1-Sw2hRCEE0bM2NA6AeX6GXPOffXI="
    },
    "jschardet": {
      "version": "1.6.0",
      "resolved": "https://registry.npmjs.org/jschardet/-/jschardet-1.6.0.tgz",
      "integrity": "sha1-x9GnHtz/KDnbL57DD8XV69PBpng="
    },
    "lru": {
      "version": "2.0.1",
      "resolved": "https://registry.npmjs.org/lru/-/lru-2.0.1.tgz",
      "integrity": "sha1-+XmHHhYuP1yiVL5GhExT1MU2RUQ=",
      "requires": {
        "inherits": "2.0.3"
      }
    },
    "lru-cache": {
      "version": "2.7.3",
      "resolved": "https://registry.npmjs.org/lru-cache/-/lru-cache-2.7.3.tgz",
      "integrity": "sha1-bUUk6LlV+V1PW1iFHOId1y+06VI="
    },
    "mariasql": {
      "version": "0.2.6",
      "resolved": "https://registry.npmjs.org/mariasql/-/mariasql-0.2.6.tgz",
      "integrity": "sha1-q3iwZxFy8Or06A3a0Cm4A/Nc93o=",
      "requires": {
        "lru-cache": "2.7.3",
        "nan": "2.10.0"
      }
    },
    "nan": {
      "version": "2.10.0",
      "resolved": "https://registry.npmjs.org/nan/-/nan-2.10.0.tgz",
      "integrity": "sha1-ltDNYQ69WNS03pzAxoKM2pnHVI8="
    },
    "p2pspider": {
      "version": "0.0.4",
      "resolved": "https://registry.npmjs.org/p2pspider/-/p2pspider-0.0.4.tgz",
      "integrity": "sha1-2PfUlt84AIzEqrQjhKlABW2FXLg=",
      "requires": {
        "bencode": "0.7.0",
        "bitfield": "1.1.2",
        "iconv-lite": "0.4.23",
        "is-utf8": "0.2.1",
        "lru": "2.0.1"
      }
    },
    "safer-buffer": {
      "version": "2.1.2",
      "resolved": "https://registry.npmjs.org/safer-buffer/-/safer-buffer-2.1.2.tgz",
      "integrity": "sha1-RPoWGwGHuVSd2Eu5GAL5vYOFzWo="
    }
  }
}
